# THIS IS AN AUTOGENERATED FILE. DO NOT EDIT THIS FILE DIRECTLY.
# yarn lockfile v1


skitch-extension-default-roles@latest:
  version "0.0.7"
  resolved "https://registry.yarnpkg.com/skitch-extension-default-roles/-/skitch-extension-default-roles-0.0.7.tgz#478f43880c4e37b6c2fc12529c5345dfaf5abc96"
  integrity sha512-xpCJIOYy4PgqPgndheNPtXMIC0xlUXT7eODOmV/G7cDvOP1aPyQ6NVg+42MElF8gyuQkuJs5ySfa4y4/pJmOZw==

skitch-extension-defaults@latest:
  version "0.0.7"
  resolved "https://registry.yarnpkg.com/skitch-extension-defaults/-/skitch-extension-defaults-0.0.7.tgz#4c087a2b7bfdc20efa6d72928ca1cc080104175c"
  integrity sha512-JXJZ4S1w2pILjXjYhx5V4K7twjJ3mw7NAc7BET5Tbm7iIO0MIBs8X+rn7b++Q1Peyuzj0FUEcyIW3yDgFeAMIQ==

skitch-extension-utils@^0.0.7, skitch-extension-utils@latest:
  version "0.0.7"
  resolved "https://registry.yarnpkg.com/skitch-extension-utils/-/skitch-extension-utils-0.0.7.tgz#e57e0033c629084bec11a72a299530573b56be3b"
  integrity sha512-jf2KCzws/xLVXW7GHGxq7tYFb6z/n6j0fA0gPwusNkbhQq8H68JntXNGNU0V9ixyZZTrDDQpbBK3kMDPbiclZg==

skitch-extension-verify@latest:
  version "0.0.7"
  resolved "https://registry.yarnpkg.com/skitch-extension-verify/-/skitch-extension-verify-0.0.7.tgz#2beeda122eb5c64bdfc46ee2681a486a9e2c0b58"
  integrity sha512-q9hhHY4LKFUfaxxeU/6HyjHOp63MVLpddXaIV8YO7Sq42QGJrEdzQk8/lf5dca76RtvBh9jU7R5fRrzcx1nSAg==
  dependencies:
    skitch-extension-utils "^0.0.7"
